
Microsoft Visual Studio Solution File, Format Version 12.00
# Visual Studio Version 17
VisualStudioVersion = 17.5.002.0
MinimumVisualStudioVersion = 10.0.40219.1
Project("{2150E333-8FDC-42A3-9474-1A3956D46DE8}") = "prepare", "prepare", "{48140352-55DC-4D62-9635-C5C543DDC0CB}"
EndProject
Project("{9A19103F-16F7-4668-BE54-9A1E7A4F7556}") = "Learning02", "prepare\Learning02\Learning02.csproj", "{CC94636E-DB40-42AB-AB40-8F6842607E30}"
EndProject
Project("{9A19103F-16F7-4668-BE54-9A1E7A4F7556}") = "Learning05", "prepare\Learning05\Learning05.csproj", "{49A146DB-2784-46B3-AC33-9F629BF22D1D}"
EndProject
Project("{9A19103F-16F7-4668-BE54-9A1E7A4F7556}") = "Learning04", "prepare\Learning04\Learning04.csproj", "{B0193BD0-5CDF-4484-9F36-57B924D6091E}"
EndProject
Project("{9A19103F-16F7-4668-BE54-9A1E7A4F7556}") = "Learning03", "prepare\Learning03\Learning03.csproj", "{155FB233-4ACC-4717-8C8C-E6075E8DBAD3}"
EndProject
Project("{2150E333-8FDC-42A3-9474-1A3956D46DE8}") = "prove", "prove", "{0CB40DAC-A02B-48A6-B1BE-FE2329CCF853}"
EndProject
Project("{9A19103F-16F7-4668-BE54-9A1E7A4F7556}") = "Develop03", "prove\Develop03\Develop03.csproj", "{F52F7859-BA09-424F-ACA4-DE990F02DE2E}"
EndProject
Project("{9A19103F-16F7-4668-BE54-9A1E7A4F7556}") = "Develop04", "prove\Develop04\Develop04.csproj", "{8466D9A9-9C09-4EE2-B228-F52AE7AA98B8}"
EndProject
Project("{9A19103F-16F7-4668-BE54-9A1E7A4F7556}") = "Develop05", "prove\Develop05\Develop05.csproj", "{01C3740C-C5D0-49EF-9499-FA1D58100534}"
EndProject
Project("{9A19103F-16F7-4668-BE54-9A1E7A4F7556}") = "Develop02", "prove\Develop02\Develop02.csproj", "{B6ACC0AF-E7AD-43D5-95EE-35337BB66B2C}"
EndProject
Project("{2150E333-8FDC-42A3-9474-1A3956D46DE8}") = "sandbox", "sandbox", "{FD5302A0-D233-460C-9192-54380210357A}"
EndProject
Project("{9A19103F-16F7-4668-BE54-9A1E7A4F7556}") = "Sandbox", "sandbox\Sandbox\Sandbox.csproj", "{F8D790AE-FE63-4B25-9369-687B277AC2F1}"
EndProject
Project("{2150E333-8FDC-42A3-9474-1A3956D46DE8}") = "final", "final", "{D495D6C4-3A90-4BAA-9942-D1832B349A30}"
EndProject
Project("{9A19103F-16F7-4668-BE54-9A1E7A4F7556}") = "FinalProject", "final\FinalProject\FinalProject.csproj", "{62DD27E9-2EC0-4775-BB43-928DD605DDF5}"
EndProject
Project("{9A19103F-16F7-4668-BE54-9A1E7A4F7556}") = "Foundation1", "final\Foundation1\Foundation1.csproj", "{E8B08A35-E732-4D3C-8A7D-2FAF9B22E506}"
EndProject
Project("{9A19103F-16F7-4668-BE54-9A1E7A4F7556}") = "Foundation4", "final\Foundation4\Foundation4.csproj", "{D0EAFC8D-D09F-43F8-B560-F8E9E24A0CA2}"
EndProject
Project("{9A19103F-16F7-4668-BE54-9A1E7A4F7556}") = "Foundation3", "final\Foundation3\Foundation3.csproj", "{DA83A7AE-46F7-4BF3-B10F-7BD60ACAD23F}"
EndProject
Project("{9A19103F-16F7-4668-BE54-9A1E7A4F7556}") = "Foundation2", "final\Foundation2\Foundation2.csproj", "{DCBB895F-06E9-4FB1-A9E7-999AA4F244F3}"
EndProject
Project("{2150E333-8FDC-42A3-9474-1A3956D46DE8}") = "csharp-prep", "csharp-prep", "{07E88D89-EE38-4C34-B054-5716843D8E32}"
EndProject
Project("{9A19103F-16F7-4668-BE54-9A1E7A4F7556}") = "Prep1", "csharp-prep\Prep1\Prep1.csproj", "{D778A343-D515-496D-BA03-AB6531F66A54}"
EndProject
Project("{9A19103F-16F7-4668-BE54-9A1E7A4F7556}") = "Prep5", "csharp-prep\Prep5\Prep5.csproj", "{89FDA735-0F0A-4186-A860-E18FE702C23E}"
EndProject
Project("{9A19103F-16F7-4668-BE54-9A1E7A4F7556}") = "Prep2", "csharp-prep\Prep2\Prep2.csproj", "{4D1B91A7-6FFB-45F5-90A5-7CD7D6F79FA0}"
EndProject
Project("{9A19103F-16F7-4668-BE54-9A1E7A4F7556}") = "Prep3", "csharp-prep\Prep3\Prep3.csproj", "{47731B1D-3306-4435-8C8C-99A07C08C7A8}"
EndProject
Project("{9A19103F-16F7-4668-BE54-9A1E7A4F7556}") = "Prep4", "csharp-prep\Prep4\Prep4.csproj", "{78F16EDA-95DB-45B8-9AB9-80B580E69704}"
EndProject
Global
	GlobalSection(SolutionConfigurationPlatforms) = preSolution
		Debug|Any CPU = Debug|Any CPU
		Release|Any CPU = Release|Any CPU
	EndGlobalSection
	GlobalSection(ProjectConfigurationPlatforms) = postSolution
		{CC94636E-DB40-42AB-AB40-8F6842607E30}.Debug|Any CPU.ActiveCfg = Debug|Any CPU
		{CC94636E-DB40-42AB-AB40-8F6842607E30}.Debug|Any CPU.Build.0 = Debug|Any CPU
		{CC94636E-DB40-42AB-AB40-8F6842607E30}.Release|Any CPU.ActiveCfg = Release|Any CPU
		{CC94636E-DB40-42AB-AB40-8F6842607E30}.Release|Any CPU.Build.0 = Release|Any CPU
		{49A146DB-2784-46B3-AC33-9F629BF22D1D}.Debug|Any CPU.ActiveCfg = Debug|Any CPU
		{49A146DB-2784-46B3-AC33-9F629BF22D1D}.Debug|Any CPU.Build.0 = Debug|Any CPU
		{49A146DB-2784-46B3-AC33-9F629BF22D1D}.Release|Any CPU.ActiveCfg = Release|Any CPU
		{49A146DB-2784-46B3-AC33-9F629BF22D1D}.Release|Any CPU.Build.0 = Release|Any CPU
		{B0193BD0-5CDF-4484-9F36-57B924D6091E}.Debug|Any CPU.ActiveCfg = Debug|Any CPU
		{B0193BD0-5CDF-4484-9F36-57B924D6091E}.Debug|Any CPU.Build.0 = Debug|Any CPU
		{B0193BD0-5CDF-4484-9F36-57B924D6091E}.Release|Any CPU.ActiveCfg = Release|Any CPU
		{B0193BD0-5CDF-4484-9F36-57B924D6091E}.Release|Any CPU.Build.0 = Release|Any CPU
		{155FB233-4ACC-4717-8C8C-E6075E8DBAD3}.Debug|Any CPU.ActiveCfg = Debug|Any CPU
		{155FB233-4ACC-4717-8C8C-E6075E8DBAD3}.Debug|Any CPU.Build.0 = Debug|Any CPU
		{155FB233-4ACC-4717-8C8C-E6075E8DBAD3}.Release|Any CPU.ActiveCfg = Release|Any CPU
		{155FB233-4ACC-4717-8C8C-E6075E8DBAD3}.Release|Any CPU.Build.0 = Release|Any CPU
		{F52F7859-BA09-424F-ACA4-DE990F02DE2E}.Debug|Any CPU.ActiveCfg = Debug|Any CPU
		{F52F7859-BA09-424F-ACA4-DE990F02DE2E}.Debug|Any CPU.Build.0 = Debug|Any CPU
		{F52F7859-BA09-424F-ACA4-DE990F02DE2E}.Release|Any CPU.ActiveCfg = Release|Any CPU
		{F52F7859-BA09-424F-ACA4-DE990F02DE2E}.Release|Any CPU.Build.0 = Release|Any CPU
		{8466D9A9-9C09-4EE2-B228-F52AE7AA98B8}.Debug|Any CPU.ActiveCfg = Debug|Any CPU
		{8466D9A9-9C09-4EE2-B228-F52AE7AA98B8}.Debug|Any CPU.Build.0 = Debug|Any CPU
		{8466D9A9-9C09-4EE2-B228-F52AE7AA98B8}.Release|Any CPU.ActiveCfg = Release|Any CPU
		{8466D9A9-9C09-4EE2-B228-F52AE7AA98B8}.Release|Any CPU.Build.0 = Release|Any CPU
		{01C3740C-C5D0-49EF-9499-FA1D58100534}.Debug|Any CPU.ActiveCfg = Debug|Any CPU
		{01C3740C-C5D0-49EF-9499-FA1D58100534}.Debug|Any CPU.Build.0 = Debug|Any CPU
		{01C3740C-C5D0-49EF-9499-FA1D58100534}.Release|Any CPU.ActiveCfg = Release|Any CPU
		{01C3740C-C5D0-49EF-9499-FA1D58100534}.Release|Any CPU.Build.0 = Release|Any CPU
		{B6ACC0AF-E7AD-43D5-95EE-35337BB66B2C}.Debug|Any CPU.ActiveCfg = Debug|Any CPU
		{B6ACC0AF-E7AD-43D5-95EE-35337BB66B2C}.Debug|Any CPU.Build.0 = Debug|Any CPU
		{B6ACC0AF-E7AD-43D5-95EE-35337BB66B2C}.Release|Any CPU.ActiveCfg = Release|Any CPU
		{B6ACC0AF-E7AD-43D5-95EE-35337BB66B2C}.Release|Any CPU.Build.0 = Release|Any CPU
		{F8D790AE-FE63-4B25-9369-687B277AC2F1}.Debug|Any CPU.ActiveCfg = Debug|Any CPU
		{F8D790AE-FE63-4B25-9369-687B277AC2F1}.Debug|Any CPU.Build.0 = Debug|Any CPU
		{F8D790AE-FE63-4B25-9369-687B277AC2F1}.Release|Any CPU.ActiveCfg = Release|Any CPU
		{F8D790AE-FE63-4B25-9369-687B277AC2F1}.Release|Any CPU.Build.0 = Release|Any CPU
		{62DD27E9-2EC0-4775-BB43-928DD605DDF5}.Debug|Any CPU.ActiveCfg = Debug|Any CPU
		{62DD27E9-2EC0-4775-BB43-928DD605DDF5}.Debug|Any CPU.Build.0 = Debug|Any CPU
		{62DD27E9-2EC0-4775-BB43-928DD605DDF5}.Release|Any CPU.ActiveCfg = Release|Any CPU
		{62DD27E9-2EC0-4775-BB43-928DD605DDF5}.Release|Any CPU.Build.0 = Release|Any CPU
		{E8B08A35-E732-4D3C-8A7D-2FAF9B22E506}.Debug|Any CPU.ActiveCfg = Debug|Any CPU
		{E8B08A35-E732-4D3C-8A7D-2FAF9B22E506}.Debug|Any CPU.Build.0 = Debug|Any CPU
		{E8B08A35-E732-4D3C-8A7D-2FAF9B22E506}.Release|Any CPU.ActiveCfg = Release|Any CPU
		{E8B08A35-E732-4D3C-8A7D-2FAF9B22E506}.Release|Any CPU.Build.0 = Release|Any CPU
		{D0EAFC8D-D09F-43F8-B560-F8E9E24A0CA2}.Debug|Any CPU.ActiveCfg = Debug|Any CPU
		{D0EAFC8D-D09F-43F8-B560-F8E9E24A0CA2}.Debug|Any CPU.Build.0 = Debug|Any CPU
		{D0EAFC8D-D09F-43F8-B560-F8E9E24A0CA2}.Release|Any CPU.ActiveCfg = Release|Any CPU
		{D0EAFC8D-D09F-43F8-B560-F8E9E24A0CA2}.Release|Any CPU.Build.0 = Release|Any CPU
		{DA83A7AE-46F7-4BF3-B10F-7BD60ACAD23F}.Debug|Any CPU.ActiveCfg = Debug|Any CPU
		{DA83A7AE-46F7-4BF3-B10F-7BD60ACAD23F}.Debug|Any CPU.Build.0 = Debug|Any CPU
		{DA83A7AE-46F7-4BF3-B10F-7BD60ACAD23F}.Release|Any CPU.ActiveCfg = Release|Any CPU
		{DA83A7AE-46F7-4BF3-B10F-7BD60ACAD23F}.Release|Any CPU.Build.0 = Release|Any CPU
		{DCBB895F-06E9-4FB1-A9E7-999AA4F244F3}.Debug|Any CPU.ActiveCfg = Debug|Any CPU
		{DCBB895F-06E9-4FB1-A9E7-999AA4F244F3}.Debug|Any CPU.Build.0 = Debug|Any CPU
		{DCBB895F-06E9-4FB1-A9E7-999AA4F244F3}.Release|Any CPU.ActiveCfg = Release|Any CPU
		{DCBB895F-06E9-4FB1-A9E7-999AA4F244F3}.Release|Any CPU.Build.0 = Release|Any CPU
		{D778A343-D515-496D-BA03-AB6531F66A54}.Debug|Any CPU.ActiveCfg = Debug|Any CPU
		{D778A343-D515-496D-BA03-AB6531F66A54}.Debug|Any CPU.Build.0 = Debug|Any CPU
		{D778A343-D515-496D-BA03-AB6531F66A54}.Release|Any CPU.ActiveCfg = Release|Any CPU
		{D778A343-D515-496D-BA03-AB6531F66A54}.Release|Any CPU.Build.0 = Release|Any CPU
		{89FDA735-0F0A-4186-A860-E18FE702C23E}.Debug|Any CPU.ActiveCfg = Debug|Any CPU
		{89FDA735-0F0A-4186-A860-E18FE702C23E}.Debug|Any CPU.Build.0 = Debug|Any CPU
		{89FDA735-0F0A-4186-A860-E18FE702C23E}.Release|Any CPU.ActiveCfg = Release|Any CPU
		{89FDA735-0F0A-4186-A860-E18FE702C23E}.Release|Any CPU.Build.0 = Release|Any CPU
		{4D1B91A7-6FFB-45F5-90A5-7CD7D6F79FA0}.Debug|Any CPU.ActiveCfg = Debug|Any CPU
		{4D1B91A7-6FFB-45F5-90A5-7CD7D6F79FA0}.Debug|Any CPU.Build.0 = Debug|Any CPU
		{4D1B91A7-6FFB-45F5-90A5-7CD7D6F79FA0}.Release|Any CPU.ActiveCfg = Release|Any CPU
		{4D1B91A7-6FFB-45F5-90A5-7CD7D6F79FA0}.Release|Any CPU.Build.0 = Release|Any CPU
		{47731B1D-3306-4435-8C8C-99A07C08C7A8}.Debug|Any CPU.ActiveCfg = Debug|Any CPU
		{47731B1D-3306-4435-8C8C-99A07C08C7A8}.Debug|Any CPU.Build.0 = Debug|Any CPU
		{47731B1D-3306-4435-8C8C-99A07C08C7A8}.Release|Any CPU.ActiveCfg = Release|Any CPU
		{47731B1D-3306-4435-8C8C-99A07C08C7A8}.Release|Any CPU.Build.0 = Release|Any CPU
		{78F16EDA-95DB-45B8-9AB9-80B580E69704}.Debug|Any CPU.ActiveCfg = Debug|Any CPU
		{78F16EDA-95DB-45B8-9AB9-80B580E69704}.Debug|Any CPU.Build.0 = Debug|Any CPU
		{78F16EDA-95DB-45B8-9AB9-80B580E69704}.Release|Any CPU.ActiveCfg = Release|Any CPU
		{78F16EDA-95DB-45B8-9AB9-80B580E69704}.Release|Any CPU.Build.0 = Release|Any CPU
	EndGlobalSection
	GlobalSection(SolutionProperties) = preSolution
		HideSolutionNode = FALSE
	EndGlobalSection
	GlobalSection(NestedProjects) = preSolution
		{CC94636E-DB40-42AB-AB40-8F6842607E30} = {48140352-55DC-4D62-9635-C5C543DDC0CB}
		{49A146DB-2784-46B3-AC33-9F629BF22D1D} = {48140352-55DC-4D62-9635-C5C543DDC0CB}
		{B0193BD0-5CDF-4484-9F36-57B924D6091E} = {48140352-55DC-4D62-9635-C5C543DDC0CB}
		{155FB233-4ACC-4717-8C8C-E6075E8DBAD3} = {48140352-55DC-4D62-9635-C5C543DDC0CB}
		{F52F7859-BA09-424F-ACA4-DE990F02DE2E} = {0CB40DAC-A02B-48A6-B1BE-FE2329CCF853}
		{8466D9A9-9C09-4EE2-B228-F52AE7AA98B8} = {0CB40DAC-A02B-48A6-B1BE-FE2329CCF853}
		{01C3740C-C5D0-49EF-9499-FA1D58100534} = {0CB40DAC-A02B-48A6-B1BE-FE2329CCF853}
		{B6ACC0AF-E7AD-43D5-95EE-35337BB66B2C} = {0CB40DAC-A02B-48A6-B1BE-FE2329CCF853}
		{F8D790AE-FE63-4B25-9369-687B277AC2F1} = {FD5302A0-D233-460C-9192-54380210357A}
		{62DD27E9-2EC0-4775-BB43-928DD605DDF5} = {D495D6C4-3A90-4BAA-9942-D1832B349A30}
		{E8B08A35-E732-4D3C-8A7D-2FAF9B22E506} = {D495D6C4-3A90-4BAA-9942-D1832B349A30}
		{D0EAFC8D-D09F-43F8-B560-F8E9E24A0CA2} = {D495D6C4-3A90-4BAA-9942-D1832B349A30}
		{DA83A7AE-46F7-4BF3-B10F-7BD60ACAD23F} = {D495D6C4-3A90-4BAA-9942-D1832B349A30}
		{DCBB895F-06E9-4FB1-A9E7-999AA4F244F3} = {D495D6C4-3A90-4BAA-9942-D1832B349A30}
		{D778A343-D515-496D-BA03-AB6531F66A54} = {07E88D89-EE38-4C34-B054-5716843D8E32}
		{89FDA735-0F0A-4186-A860-E18FE702C23E} = {07E88D89-EE38-4C34-B054-5716843D8E32}
		{4D1B91A7-6FFB-45F5-90A5-7CD7D6F79FA0} = {07E88D89-EE38-4C34-B054-5716843D8E32}
		{47731B1D-3306-4435-8C8C-99A07C08C7A8} = {07E88D89-EE38-4C34-B054-5716843D8E32}
		{78F16EDA-95DB-45B8-9AB9-80B580E69704} = {07E88D89-EE38-4C34-B054-5716843D8E32}
	EndGlobalSection
	GlobalSection(ExtensibilityGlobals) = postSolution
		SolutionGuid = {16D80F0A-E8C2-4628-B0F8-32B745DBA0D2}
	EndGlobalSection
EndGlobal
